
Microsoft Visual Studio Solution File, Format Version 12.00
# Visual Studio Version 17
VisualStudioVersion = 17.12.35527.113
MinimumVisualStudioVersion = 10.0.40219.1
Project("{FAE04EC0-301F-11D3-BF4B-00C04F79EFBC}") = "ADS Simplified Interface", "ADS Simplified Interface.csproj", "{6B60B111-B68A-4F5B-8AE1-B7EE39743FA6}"
EndProject
Project("{FAE04EC0-301F-11D3-BF4B-00C04F79EFBC}") = "Test Client", "..\Test Client\Test Client.csproj", "{138492A9-1996-45FC-9897-0399AC3F0253}"
EndProject
Project("{FAE04EC0-301F-11D3-BF4B-00C04F79EFBC}") = "Test Console", "..\Test Console\Test Console.csproj", "{059321B4-1E00-4136-B1EE-0C58ACB45782}"
EndProject
Global
	GlobalSection(SolutionConfigurationPlatforms) = preSolution
		Debug|Any CPU = Debug|Any CPU
		Release|Any CPU = Release|Any CPU
	EndGlobalSection
	GlobalSection(ProjectConfigurationPlatforms) = postSolution
		{6B60B111-B68A-4F5B-8AE1-B7EE39743FA6}.Debug|Any CPU.ActiveCfg = Debug|Any CPU
		{6B60B111-B68A-4F5B-8AE1-B7EE39743FA6}.Debug|Any CPU.Build.0 = Debug|Any CPU
		{6B60B111-B68A-4F5B-8AE1-B7EE39743FA6}.Release|Any CPU.ActiveCfg = Release|Any CPU
		{6B60B111-B68A-4F5B-8AE1-B7EE39743FA6}.Release|Any CPU.Build.0 = Release|Any CPU
		{138492A9-1996-45FC-9897-0399AC3F0253}.Debug|Any CPU.ActiveCfg = Debug|x64
		{138492A9-1996-45FC-9897-0399AC3F0253}.Debug|Any CPU.Build.0 = Debug|x64
		{138492A9-1996-45FC-9897-0399AC3F0253}.Debug|Any CPU.Deploy.0 = Debug|x64
		{138492A9-1996-45FC-9897-0399AC3F0253}.Release|Any CPU.ActiveCfg = Release|x64
		{138492A9-1996-45FC-9897-0399AC3F0253}.Release|Any CPU.Build.0 = Release|x64
		{138492A9-1996-45FC-9897-0399AC3F0253}.Release|Any CPU.Deploy.0 = Release|x64
		{059321B4-1E00-4136-B1EE-0C58ACB45782}.Debug|Any CPU.ActiveCfg = Debug|Any CPU
		{059321B4-1E00-4136-B1EE-0C58ACB45782}.Debug|Any CPU.Build.0 = Debug|Any CPU
		{059321B4-1E00-4136-B1EE-0C58ACB45782}.Release|Any CPU.ActiveCfg = Release|Any CPU
		{059321B4-1E00-4136-B1EE-0C58ACB45782}.Release|Any CPU.Build.0 = Release|Any CPU
	EndGlobalSection
	GlobalSection(SolutionProperties) = preSolution
		HideSolutionNode = FALSE
	EndGlobalSection
EndGlobal
